
Microsoft Visual Studio Solution File, Format Version 12.00
# Visual Studio Version 17
VisualStudioVersion = 17.7.34024.191
MinimumVisualStudioVersion = 10.0.40219.1
Project("{FAE04EC0-301F-11D3-BF4B-00C04F79EFBC}") = "DataAccess", "DataAccess\DataAccess.csproj", "{D7362E64-0DA3-4DC1-953D-B2F4D5A70396}"
EndProject
Project("{FAE04EC0-301F-11D3-BF4B-00C04F79EFBC}") = "BusinessObject", "BusinessObject\BusinessObject.csproj", "{66BC289B-610A-46B7-AD4E-C998F8D6CD8E}"
EndProject
Project("{FAE04EC0-301F-11D3-BF4B-00C04F79EFBC}") = "MyStoreWinApp", "MyStoreWinApp\MyStoreWinApp.csproj", "{BC5D6717-CBEB-4246-818E-97B913ACABAD}"
EndProject
Project("{2150E333-8FDC-42A3-9474-1A3956D46DE8}") = "Presentation Layer", "Presentation Layer", "{830938F0-6BE8-48AE-8355-20F96ADCB57A}"
EndProject
Project("{2150E333-8FDC-42A3-9474-1A3956D46DE8}") = "Business Layer", "Business Layer", "{3E744265-BBE2-419C-AA6A-CB4CDF6B6348}"
EndProject
Project("{2150E333-8FDC-42A3-9474-1A3956D46DE8}") = "Data Layer", "Data Layer", "{7FC89CF0-1611-4615-8A21-6E5F8DF0F6A2}"
EndProject
Global
	GlobalSection(SolutionConfigurationPlatforms) = preSolution
		Debug|Any CPU = Debug|Any CPU
		Release|Any CPU = Release|Any CPU
	EndGlobalSection
	GlobalSection(ProjectConfigurationPlatforms) = postSolution
		{D7362E64-0DA3-4DC1-953D-B2F4D5A70396}.Debug|Any CPU.ActiveCfg = Debug|Any CPU
		{D7362E64-0DA3-4DC1-953D-B2F4D5A70396}.Debug|Any CPU.Build.0 = Debug|Any CPU
		{D7362E64-0DA3-4DC1-953D-B2F4D5A70396}.Release|Any CPU.ActiveCfg = Release|Any CPU
		{D7362E64-0DA3-4DC1-953D-B2F4D5A70396}.Release|Any CPU.Build.0 = Release|Any CPU
		{66BC289B-610A-46B7-AD4E-C998F8D6CD8E}.Debug|Any CPU.ActiveCfg = Debug|Any CPU
		{66BC289B-610A-46B7-AD4E-C998F8D6CD8E}.Debug|Any CPU.Build.0 = Debug|Any CPU
		{66BC289B-610A-46B7-AD4E-C998F8D6CD8E}.Release|Any CPU.ActiveCfg = Release|Any CPU
		{66BC289B-610A-46B7-AD4E-C998F8D6CD8E}.Release|Any CPU.Build.0 = Release|Any CPU
		{BC5D6717-CBEB-4246-818E-97B913ACABAD}.Debug|Any CPU.ActiveCfg = Debug|Any CPU
		{BC5D6717-CBEB-4246-818E-97B913ACABAD}.Debug|Any CPU.Build.0 = Debug|Any CPU
		{BC5D6717-CBEB-4246-818E-97B913ACABAD}.Release|Any CPU.ActiveCfg = Release|Any CPU
		{BC5D6717-CBEB-4246-818E-97B913ACABAD}.Release|Any CPU.Build.0 = Release|Any CPU
	EndGlobalSection
	GlobalSection(SolutionProperties) = preSolution
		HideSolutionNode = FALSE
	EndGlobalSection
	GlobalSection(NestedProjects) = preSolution
		{D7362E64-0DA3-4DC1-953D-B2F4D5A70396} = {7FC89CF0-1611-4615-8A21-6E5F8DF0F6A2}
		{66BC289B-610A-46B7-AD4E-C998F8D6CD8E} = {3E744265-BBE2-419C-AA6A-CB4CDF6B6348}
		{BC5D6717-CBEB-4246-818E-97B913ACABAD} = {830938F0-6BE8-48AE-8355-20F96ADCB57A}
	EndGlobalSection
	GlobalSection(ExtensibilityGlobals) = postSolution
		SolutionGuid = {8B45AD1B-1552-4EC6-A527-A7A92F5A817D}
	EndGlobalSection
EndGlobal
